
Microsoft Visual Studio Solution File, Format Version 12.00
# Visual Studio Version 17
VisualStudioVersion = 17.8.34511.84
MinimumVisualStudioVersion = 10.0.40219.1
Project("{FAE04EC0-301F-11D3-BF4B-00C04F79EFBC}") = "WGUAPP", "WGUAPP\WGUAPP.csproj", "{0F548171-6E90-4978-9B15-AE954EEA3A60}"
EndProject
Global
	GlobalSection(SolutionConfigurationPlatforms) = preSolution
		Debug|Any CPU = Debug|Any CPU
		Release|Any CPU = Release|Any CPU
	EndGlobalSection
	GlobalSection(ProjectConfigurationPlatforms) = postSolution
		{0F548171-6E90-4978-9B15-AE954EEA3A60}.Debug|Any CPU.ActiveCfg = Debug|Any CPU
		{0F548171-6E90-4978-9B15-AE954EEA3A60}.Debug|Any CPU.Build.0 = Debug|Any CPU
		{0F548171-6E90-4978-9B15-AE954EEA3A60}.Debug|Any CPU.Deploy.0 = Debug|Any CPU
		{0F548171-6E90-4978-9B15-AE954EEA3A60}.Release|Any CPU.ActiveCfg = Release|Any CPU
		{0F548171-6E90-4978-9B15-AE954EEA3A60}.Release|Any CPU.Build.0 = Release|Any CPU
		{0F548171-6E90-4978-9B15-AE954EEA3A60}.Release|Any CPU.Deploy.0 = Release|Any CPU
	EndGlobalSection
	GlobalSection(SolutionProperties) = preSolution
		HideSolutionNode = FALSE
	EndGlobalSection
	GlobalSection(ExtensibilityGlobals) = postSolution
		SolutionGuid = {8B1658A7-02D9-488B-8EA1-494D9BA50982}
	EndGlobalSection
EndGlobal
